{
  "name": "b92ed0e02e7e7f2b",
  "lockfileVersion": 3,
  "requires": true,
  "packages": {
    "": {
      "dependencies": {
        "create-cloudflare": "^2.72.7"
      }
    },
    "node_modules/create-cloudflare": {
      "version": "2.72.7",
      "resolved": "https://registry.npmjs.org/create-cloudflare/-/create-cloudflare-2.72.7.tgz",
      "integrity": "sha512-vK23sCmNFRM2aANVBkeFBXp/gF7Im69SSA27FraX0AQJpQ+oSw4DaxPVtPuJjR0OmTPmvF+gssge1T3MvdO3Rg==",
      "license": "MIT OR Apache-2.0",
      "bin": {
        "create-cloudflare": "bin/c3.js"
      },
      "engines": {
        "node": ">=22.0.0"
      }
    }
  }
}
